
Microsoft Visual Studio Solution File, Format Version 12.00
# Visual Studio 15
VisualStudioVersion = 15.0.27004.2005
MinimumVisualStudioVersion = 10.0.40219.1
Project("{9A19103F-16F7-4668-BE54-9A1E7A4F7556}") = "Cmdlets.Core", "Cmdlets.Core\Cmdlets.Core.csproj", "{AC4FE742-C675-42EB-83DE-D22840C21E14}"
EndProject
Project("{FAE04EC0-301F-11D3-BF4B-00C04F79EFBC}") = "WindowsCmdlets", "WindowsCmdlets\WindowsCmdlets.csproj", "{31BE3D65-39B0-4CBF-A274-8B23E5945FB4}"
EndProject
Project("{9A19103F-16F7-4668-BE54-9A1E7A4F7556}") = "Common", "Common\Common.csproj", "{737A06BD-4133-4F7D-AC48-6FFB2875CEF6}"
EndProject
Global
	GlobalSection(SolutionConfigurationPlatforms) = preSolution
		Debug|Any CPU = Debug|Any CPU
		Release|Any CPU = Release|Any CPU
	EndGlobalSection
	GlobalSection(ProjectConfigurationPlatforms) = postSolution
		{AC4FE742-C675-42EB-83DE-D22840C21E14}.Debug|Any CPU.ActiveCfg = Debug|Any CPU
		{AC4FE742-C675-42EB-83DE-D22840C21E14}.Debug|Any CPU.Build.0 = Debug|Any CPU
		{AC4FE742-C675-42EB-83DE-D22840C21E14}.Release|Any CPU.ActiveCfg = Release|Any CPU
		{AC4FE742-C675-42EB-83DE-D22840C21E14}.Release|Any CPU.Build.0 = Release|Any CPU
		{31BE3D65-39B0-4CBF-A274-8B23E5945FB4}.Debug|Any CPU.ActiveCfg = Debug|Any CPU
		{31BE3D65-39B0-4CBF-A274-8B23E5945FB4}.Debug|Any CPU.Build.0 = Debug|Any CPU
		{31BE3D65-39B0-4CBF-A274-8B23E5945FB4}.Release|Any CPU.ActiveCfg = Release|Any CPU
		{31BE3D65-39B0-4CBF-A274-8B23E5945FB4}.Release|Any CPU.Build.0 = Release|Any CPU
		{737A06BD-4133-4F7D-AC48-6FFB2875CEF6}.Debug|Any CPU.ActiveCfg = Debug|Any CPU
		{737A06BD-4133-4F7D-AC48-6FFB2875CEF6}.Debug|Any CPU.Build.0 = Debug|Any CPU
		{737A06BD-4133-4F7D-AC48-6FFB2875CEF6}.Release|Any CPU.ActiveCfg = Release|Any CPU
		{737A06BD-4133-4F7D-AC48-6FFB2875CEF6}.Release|Any CPU.Build.0 = Release|Any CPU
	EndGlobalSection
	GlobalSection(SolutionProperties) = preSolution
		HideSolutionNode = FALSE
	EndGlobalSection
	GlobalSection(ExtensibilityGlobals) = postSolution
		SolutionGuid = {B8203611-546E-4CE5-989A-92D070D4C302}
	EndGlobalSection
EndGlobal
